
Microsoft Visual Studio Solution File, Format Version 12.00
# Visual Studio Version 16
VisualStudioVersion = 16.0.29411.138
MinimumVisualStudioVersion = 10.0.40219.1
Project("{9A19103F-16F7-4668-BE54-9A1E7A4F7556}") = "Weorder.NET", "Weorder.NET\Weorder.NET.csproj", "{45248CA3-F347-4727-84A6-B58A6C4DE820}"
EndProject
Project("{FAE04EC0-301F-11D3-BF4B-00C04F79EFBC}") = "Weorder.NET.Tests", "Weorder.NET.Tests\Weorder.NET.Tests.csproj", "{589E481E-20D6-4018-9A9A-E672659C80CB}"
EndProject
Global
	GlobalSection(SolutionConfigurationPlatforms) = preSolution
		Debug|Any CPU = Debug|Any CPU
		Release|Any CPU = Release|Any CPU
	EndGlobalSection
	GlobalSection(ProjectConfigurationPlatforms) = postSolution
		{45248CA3-F347-4727-84A6-B58A6C4DE820}.Debug|Any CPU.ActiveCfg = Debug|Any CPU
		{45248CA3-F347-4727-84A6-B58A6C4DE820}.Debug|Any CPU.Build.0 = Debug|Any CPU
		{45248CA3-F347-4727-84A6-B58A6C4DE820}.Release|Any CPU.ActiveCfg = Release|Any CPU
		{45248CA3-F347-4727-84A6-B58A6C4DE820}.Release|Any CPU.Build.0 = Release|Any CPU
		{589E481E-20D6-4018-9A9A-E672659C80CB}.Debug|Any CPU.ActiveCfg = Debug|Any CPU
		{589E481E-20D6-4018-9A9A-E672659C80CB}.Debug|Any CPU.Build.0 = Debug|Any CPU
		{589E481E-20D6-4018-9A9A-E672659C80CB}.Release|Any CPU.ActiveCfg = Release|Any CPU
		{589E481E-20D6-4018-9A9A-E672659C80CB}.Release|Any CPU.Build.0 = Release|Any CPU
	EndGlobalSection
	GlobalSection(SolutionProperties) = preSolution
		HideSolutionNode = FALSE
	EndGlobalSection
	GlobalSection(ExtensibilityGlobals) = postSolution
		SolutionGuid = {B80B7C72-3C64-4016-9BB4-48B454E4345A}
	EndGlobalSection
EndGlobal
